
Microsoft Visual Studio Solution File, Format Version 12.00
# Visual Studio Version 17
VisualStudioVersion = 17.14.36414.22 d17.14
MinimumVisualStudioVersion = 10.0.40219.1
Project("{FAE04EC0-301F-11D3-BF4B-00C04F79EFBC}") = "HR_PAYROLL_V2", "HR_PAYROLL_V2.csproj", "{78E35267-56C4-44F0-965A-347A74E8411B}"
EndProject
Global
	GlobalSection(SolutionConfigurationPlatforms) = preSolution
		Debug|Any CPU = Debug|Any CPU
		Release|Any CPU = Release|Any CPU
	EndGlobalSection
	GlobalSection(ProjectConfigurationPlatforms) = postSolution
		{78E35267-56C4-44F0-965A-347A74E8411B}.Debug|Any CPU.ActiveCfg = Debug|Any CPU
		{78E35267-56C4-44F0-965A-347A74E8411B}.Debug|Any CPU.Build.0 = Debug|Any CPU
		{78E35267-56C4-44F0-965A-347A74E8411B}.Release|Any CPU.ActiveCfg = Release|Any CPU
		{78E35267-56C4-44F0-965A-347A74E8411B}.Release|Any CPU.Build.0 = Release|Any CPU
	EndGlobalSection
	GlobalSection(SolutionProperties) = preSolution
		HideSolutionNode = FALSE
	EndGlobalSection
	GlobalSection(ExtensibilityGlobals) = postSolution
		SolutionGuid = {EB02F280-B834-47B7-A2DC-AE92E8C77167}
	EndGlobalSection
EndGlobal
